
Microsoft Visual Studio Solution File, Format Version 12.00
# Visual Studio 15
VisualStudioVersion = 15.0.28307.106
MinimumVisualStudioVersion = 10.0.40219.1
Project("{FAE04EC0-301F-11D3-BF4B-00C04F79EFBC}") = "UI", "UI\UI.csproj", "{50301394-18B1-4D08-A233-AF92CB3151D2}"
EndProject
Global
	GlobalSection(SolutionConfigurationPlatforms) = preSolution
		Debug|Any CPU = Debug|Any CPU
		Release|Any CPU = Release|Any CPU
	EndGlobalSection
	GlobalSection(ProjectConfigurationPlatforms) = postSolution
		{50301394-18B1-4D08-A233-AF92CB3151D2}.Debug|Any CPU.ActiveCfg = Debug|Any CPU
		{50301394-18B1-4D08-A233-AF92CB3151D2}.Debug|Any CPU.Build.0 = Debug|Any CPU
		{50301394-18B1-4D08-A233-AF92CB3151D2}.Release|Any CPU.ActiveCfg = Release|Any CPU
		{50301394-18B1-4D08-A233-AF92CB3151D2}.Release|Any CPU.Build.0 = Release|Any CPU
	EndGlobalSection
	GlobalSection(SolutionProperties) = preSolution
		HideSolutionNode = FALSE
	EndGlobalSection
	GlobalSection(ExtensibilityGlobals) = postSolution
		SolutionGuid = {C59A436C-4746-47A9-B10E-5F6BC987112F}
	EndGlobalSection
EndGlobal
